
Microsoft Visual Studio Solution File, Format Version 12.00
# Visual Studio 14
VisualStudioVersion = 14.0.24720.0
MinimumVisualStudioVersion = 10.0.40219.1
Project("{FAE04EC0-301F-11D3-BF4B-00C04F79EFBC}") = "Giddh_Cross_Portable.Droid", "Giddh_Cross_Portable\Giddh_Cross_Portable.Droid\Giddh_Cross_Portable.Droid.csproj", "{5FC760D0-1F03-4788-83B8-D2ADFA0BF2EE}"
EndProject
Project("{FAE04EC0-301F-11D3-BF4B-00C04F79EFBC}") = "Giddh_Cross_Portable.iOS", "Giddh_Cross_Portable\Giddh_Cross_Portable.iOS\Giddh_Cross_Portable.iOS.csproj", "{302338BC-9376-4C11-A695-1A55713AEF2B}"
EndProject
Project("{FAE04EC0-301F-11D3-BF4B-00C04F79EFBC}") = "Giddh_Cross_Portable.WinPhone", "Giddh_Cross_Portable\Giddh_Cross_Portable.WinPhone\Giddh_Cross_Portable.WinPhone.csproj", "{4050396F-FCF9-493C-8B55-79CFCBD08914}"
EndProject
Project("{FAE04EC0-301F-11D3-BF4B-00C04F79EFBC}") = "Giddh_Cross_Portable", "Giddh_Cross_Portable\Giddh_Cross_Portable\Giddh_Cross_Portable.csproj", "{9F70EEE4-C003-42AC-984F-194C083151E0}"
EndProject
Global
	GlobalSection(SolutionConfigurationPlatforms) = preSolution
		Ad-Hoc|Any CPU = Ad-Hoc|Any CPU
		Ad-Hoc|ARM = Ad-Hoc|ARM
		Ad-Hoc|iPhone = Ad-Hoc|iPhone
		Ad-Hoc|iPhoneSimulator = Ad-Hoc|iPhoneSimulator
		Ad-Hoc|x86 = Ad-Hoc|x86
		AppStore|Any CPU = AppStore|Any CPU
		AppStore|ARM = AppStore|ARM
		AppStore|iPhone = AppStore|iPhone
		AppStore|iPhoneSimulator = AppStore|iPhoneSimulator
		AppStore|x86 = AppStore|x86
		Debug|Any CPU = Debug|Any CPU
		Debug|ARM = Debug|ARM
		Debug|iPhone = Debug|iPhone
		Debug|iPhoneSimulator = Debug|iPhoneSimulator
		Debug|x86 = Debug|x86
		Release|Any CPU = Release|Any CPU
		Release|ARM = Release|ARM
		Release|iPhone = Release|iPhone
		Release|iPhoneSimulator = Release|iPhoneSimulator
		Release|x86 = Release|x86
	EndGlobalSection
	GlobalSection(ProjectConfigurationPlatforms) = postSolution
		{5FC760D0-1F03-4788-83B8-D2ADFA0BF2EE}.Ad-Hoc|Any CPU.ActiveCfg = Release|Any CPU
		{5FC760D0-1F03-4788-83B8-D2ADFA0BF2EE}.Ad-Hoc|Any CPU.Build.0 = Release|Any CPU
		{5FC760D0-1F03-4788-83B8-D2ADFA0BF2EE}.Ad-Hoc|Any CPU.Deploy.0 = Release|Any CPU
		{5FC760D0-1F03-4788-83B8-D2ADFA0BF2EE}.Ad-Hoc|ARM.ActiveCfg = Release|Any CPU
		{5FC760D0-1F03-4788-83B8-D2ADFA0BF2EE}.Ad-Hoc|ARM.Build.0 = Release|Any CPU
		{5FC760D0-1F03-4788-83B8-D2ADFA0BF2EE}.Ad-Hoc|ARM.Deploy.0 = Release|Any CPU
		{5FC760D0-1F03-4788-83B8-D2ADFA0BF2EE}.Ad-Hoc|iPhone.ActiveCfg = Release|Any CPU
		{5FC760D0-1F03-4788-83B8-D2ADFA0BF2EE}.Ad-Hoc|iPhone.Build.0 = Release|Any CPU
		{5FC760D0-1F03-4788-83B8-D2ADFA0BF2EE}.Ad-Hoc|iPhone.Deploy.0 = Release|Any CPU
		{5FC760D0-1F03-4788-83B8-D2ADFA0BF2EE}.Ad-Hoc|iPhoneSimulator.ActiveCfg = Release|Any CPU
		{5FC760D0-1F03-4788-83B8-D2ADFA0BF2EE}.Ad-Hoc|iPhoneSimulator.Build.0 = Release|Any CPU
		{5FC760D0-1F03-4788-83B8-D2ADFA0BF2EE}.Ad-Hoc|iPhoneSimulator.Deploy.0 = Release|Any CPU
		{5FC760D0-1F03-4788-83B8-D2ADFA0BF2EE}.Ad-Hoc|x86.ActiveCfg = Release|Any CPU
		{5FC760D0-1F03-4788-83B8-D2ADFA0BF2EE}.Ad-Hoc|x86.Build.0 = Release|Any CPU
		{5FC760D0-1F03-4788-83B8-D2ADFA0BF2EE}.Ad-Hoc|x86.Deploy.0 = Release|Any CPU
		{5FC760D0-1F03-4788-83B8-D2ADFA0BF2EE}.AppStore|Any CPU.ActiveCfg = Release|Any CPU
		{5FC760D0-1F03-4788-83B8-D2ADFA0BF2EE}.AppStore|Any CPU.Build.0 = Release|Any CPU
		{5FC760D0-1F03-4788-83B8-D2ADFA0BF2EE}.AppStore|Any CPU.Deploy.0 = Release|Any CPU
		{5FC760D0-1F03-4788-83B8-D2ADFA0BF2EE}.AppStore|ARM.ActiveCfg = Release|Any CPU
		{5FC760D0-1F03-4788-83B8-D2ADFA0BF2EE}.AppStore|ARM.Build.0 = Release|Any CPU
		{5FC760D0-1F03-4788-83B8-D2ADFA0BF2EE}.AppStore|ARM.Deploy.0 = Release|Any CPU
		{5FC760D0-1F03-4788-83B8-D2ADFA0BF2EE}.AppStore|iPhone.ActiveCfg = Release|Any CPU
		{5FC760D0-1F03-4788-83B8-D2ADFA0BF2EE}.AppStore|iPhone.Build.0 = Release|Any CPU
		{5FC760D0-1F03-4788-83B8-D2ADFA0BF2EE}.AppStore|iPhone.Deploy.0 = Release|Any CPU
		{5FC760D0-1F03-4788-83B8-D2ADFA0BF2EE}.AppStore|iPhoneSimulator.ActiveCfg = Release|Any CPU
		{5FC760D0-1F03-4788-83B8-D2ADFA0BF2EE}.AppStore|iPhoneSimulator.Build.0 = Release|Any CPU
		{5FC760D0-1F03-4788-83B8-D2ADFA0BF2EE}.AppStore|iPhoneSimulator.Deploy.0 = Release|Any CPU
		{5FC760D0-1F03-4788-83B8-D2ADFA0BF2EE}.AppStore|x86.ActiveCfg = Release|Any CPU
		{5FC760D0-1F03-4788-83B8-D2ADFA0BF2EE}.AppStore|x86.Build.0 = Release|Any CPU
		{5FC760D0-1F03-4788-83B8-D2ADFA0BF2EE}.AppStore|x86.Deploy.0 = Release|Any CPU
		{5FC760D0-1F03-4788-83B8-D2ADFA0BF2EE}.Debug|Any CPU.ActiveCfg = Debug|Any CPU
		{5FC760D0-1F03-4788-83B8-D2ADFA0BF2EE}.Debug|Any CPU.Build.0 = Debug|Any CPU
		{5FC760D0-1F03-4788-83B8-D2ADFA0BF2EE}.Debug|Any CPU.Deploy.0 = Debug|Any CPU
		{5FC760D0-1F03-4788-83B8-D2ADFA0BF2EE}.Debug|ARM.ActiveCfg = Debug|Any CPU
		{5FC760D0-1F03-4788-83B8-D2ADFA0BF2EE}.Debug|ARM.Build.0 = Debug|Any CPU
		{5FC760D0-1F03-4788-83B8-D2ADFA0BF2EE}.Debug|ARM.Deploy.0 = Debug|Any CPU
		{5FC760D0-1F03-4788-83B8-D2ADFA0BF2EE}.Debug|iPhone.ActiveCfg = Debug|Any CPU
		{5FC760D0-1F03-4788-83B8-D2ADFA0BF2EE}.Debug|iPhone.Build.0 = Debug|Any CPU
		{5FC760D0-1F03-4788-83B8-D2ADFA0BF2EE}.Debug|iPhone.Deploy.0 = Debug|Any CPU
		{5FC760D0-1F03-4788-83B8-D2ADFA0BF2EE}.Debug|iPhoneSimulator.ActiveCfg = Debug|Any CPU
		{5FC760D0-1F03-4788-83B8-D2ADFA0BF2EE}.Debug|iPhoneSimulator.Build.0 = Debug|Any CPU
		{5FC760D0-1F03-4788-83B8-D2ADFA0BF2EE}.Debug|iPhoneSimulator.Deploy.0 = Debug|Any CPU
		{5FC760D0-1F03-4788-83B8-D2ADFA0BF2EE}.Debug|x86.ActiveCfg = Debug|Any CPU
		{5FC760D0-1F03-4788-83B8-D2ADFA0BF2EE}.Debug|x86.Build.0 = Debug|Any CPU
		{5FC760D0-1F03-4788-83B8-D2ADFA0BF2EE}.Debug|x86.Deploy.0 = Debug|Any CPU
		{5FC760D0-1F03-4788-83B8-D2ADFA0BF2EE}.Release|Any CPU.ActiveCfg = Release|Any CPU
		{5FC760D0-1F03-4788-83B8-D2ADFA0BF2EE}.Release|Any CPU.Build.0 = Release|Any CPU
		{5FC760D0-1F03-4788-83B8-D2ADFA0BF2EE}.Release|Any CPU.Deploy.0 = Release|Any CPU
		{5FC760D0-1F03-4788-83B8-D2ADFA0BF2EE}.Release|ARM.ActiveCfg = Release|Any CPU
		{5FC760D0-1F03-4788-83B8-D2ADFA0BF2EE}.Release|ARM.Build.0 = Release|Any CPU
		{5FC760D0-1F03-4788-83B8-D2ADFA0BF2EE}.Release|ARM.Deploy.0 = Release|Any CPU
		{5FC760D0-1F03-4788-83B8-D2ADFA0BF2EE}.Release|iPhone.ActiveCfg = Release|Any CPU
		{5FC760D0-1F03-4788-83B8-D2ADFA0BF2EE}.Release|iPhone.Build.0 = Release|Any CPU
		{5FC760D0-1F03-4788-83B8-D2ADFA0BF2EE}.Release|iPhone.Deploy.0 = Release|Any CPU
		{5FC760D0-1F03-4788-83B8-D2ADFA0BF2EE}.Release|iPhoneSimulator.ActiveCfg = Release|Any CPU
		{5FC760D0-1F03-4788-83B8-D2ADFA0BF2EE}.Release|iPhoneSimulator.Build.0 = Release|Any CPU
		{5FC760D0-1F03-4788-83B8-D2ADFA0BF2EE}.Release|iPhoneSimulator.Deploy.0 = Release|Any CPU
		{5FC760D0-1F03-4788-83B8-D2ADFA0BF2EE}.Release|x86.ActiveCfg = Release|Any CPU
		{5FC760D0-1F03-4788-83B8-D2ADFA0BF2EE}.Release|x86.Build.0 = Release|Any CPU
		{5FC760D0-1F03-4788-83B8-D2ADFA0BF2EE}.Release|x86.Deploy.0 = Release|Any CPU
		{302338BC-9376-4C11-A695-1A55713AEF2B}.Ad-Hoc|Any CPU.ActiveCfg = Ad-Hoc|iPhone
		{302338BC-9376-4C11-A695-1A55713AEF2B}.Ad-Hoc|ARM.ActiveCfg = Ad-Hoc|iPhone
		{302338BC-9376-4C11-A695-1A55713AEF2B}.Ad-Hoc|iPhone.ActiveCfg = Ad-Hoc|iPhone
		{302338BC-9376-4C11-A695-1A55713AEF2B}.Ad-Hoc|iPhone.Build.0 = Ad-Hoc|iPhone
		{302338BC-9376-4C11-A695-1A55713AEF2B}.Ad-Hoc|iPhoneSimulator.ActiveCfg = Ad-Hoc|iPhoneSimulator
		{302338BC-9376-4C11-A695-1A55713AEF2B}.Ad-Hoc|iPhoneSimulator.Build.0 = Ad-Hoc|iPhoneSimulator
		{302338BC-9376-4C11-A695-1A55713AEF2B}.Ad-Hoc|x86.ActiveCfg = Ad-Hoc|iPhone
		{302338BC-9376-4C11-A695-1A55713AEF2B}.AppStore|Any CPU.ActiveCfg = AppStore|iPhone
		{302338BC-9376-4C11-A695-1A55713AEF2B}.AppStore|ARM.ActiveCfg = AppStore|iPhone
		{302338BC-9376-4C11-A695-1A55713AEF2B}.AppStore|iPhone.ActiveCfg = AppStore|iPhone
		{302338BC-9376-4C11-A695-1A55713AEF2B}.AppStore|iPhone.Build.0 = AppStore|iPhone
		{302338BC-9376-4C11-A695-1A55713AEF2B}.AppStore|iPhoneSimulator.ActiveCfg = AppStore|iPhoneSimulator
		{302338BC-9376-4C11-A695-1A55713AEF2B}.AppStore|iPhoneSimulator.Build.0 = AppStore|iPhoneSimulator
		{302338BC-9376-4C11-A695-1A55713AEF2B}.AppStore|x86.ActiveCfg = AppStore|iPhone
		{302338BC-9376-4C11-A695-1A55713AEF2B}.Debug|Any CPU.ActiveCfg = Debug|iPhone
		{302338BC-9376-4C11-A695-1A55713AEF2B}.Debug|ARM.ActiveCfg = Debug|iPhone
		{302338BC-9376-4C11-A695-1A55713AEF2B}.Debug|iPhone.ActiveCfg = Debug|iPhone
		{302338BC-9376-4C11-A695-1A55713AEF2B}.Debug|iPhone.Build.0 = Debug|iPhone
		{302338BC-9376-4C11-A695-1A55713AEF2B}.Debug|iPhoneSimulator.ActiveCfg = Debug|iPhoneSimulator
		{302338BC-9376-4C11-A695-1A55713AEF2B}.Debug|iPhoneSimulator.Build.0 = Debug|iPhoneSimulator
		{302338BC-9376-4C11-A695-1A55713AEF2B}.Debug|x86.ActiveCfg = Debug|iPhone
		{302338BC-9376-4C11-A695-1A55713AEF2B}.Release|Any CPU.ActiveCfg = Release|iPhone
		{302338BC-9376-4C11-A695-1A55713AEF2B}.Release|ARM.ActiveCfg = Release|iPhone
		{302338BC-9376-4C11-A695-1A55713AEF2B}.Release|iPhone.ActiveCfg = Release|iPhone
		{302338BC-9376-4C11-A695-1A55713AEF2B}.Release|iPhone.Build.0 = Release|iPhone
		{302338BC-9376-4C11-A695-1A55713AEF2B}.Release|iPhoneSimulator.ActiveCfg = Release|iPhoneSimulator
		{302338BC-9376-4C11-A695-1A55713AEF2B}.Release|iPhoneSimulator.Build.0 = Release|iPhoneSimulator
		{302338BC-9376-4C11-A695-1A55713AEF2B}.Release|x86.ActiveCfg = Release|iPhone
		{4050396F-FCF9-493C-8B55-79CFCBD08914}.Ad-Hoc|Any CPU.ActiveCfg = Release|Any CPU
		{4050396F-FCF9-493C-8B55-79CFCBD08914}.Ad-Hoc|Any CPU.Build.0 = Release|Any CPU
		{4050396F-FCF9-493C-8B55-79CFCBD08914}.Ad-Hoc|Any CPU.Deploy.0 = Release|Any CPU
		{4050396F-FCF9-493C-8B55-79CFCBD08914}.Ad-Hoc|ARM.ActiveCfg = Release|ARM
		{4050396F-FCF9-493C-8B55-79CFCBD08914}.Ad-Hoc|ARM.Build.0 = Release|ARM
		{4050396F-FCF9-493C-8B55-79CFCBD08914}.Ad-Hoc|ARM.Deploy.0 = Release|ARM
		{4050396F-FCF9-493C-8B55-79CFCBD08914}.Ad-Hoc|iPhone.ActiveCfg = Release|Any CPU
		{4050396F-FCF9-493C-8B55-79CFCBD08914}.Ad-Hoc|iPhone.Build.0 = Release|Any CPU
		{4050396F-FCF9-493C-8B55-79CFCBD08914}.Ad-Hoc|iPhone.Deploy.0 = Release|Any CPU
		{4050396F-FCF9-493C-8B55-79CFCBD08914}.Ad-Hoc|iPhoneSimulator.ActiveCfg = Release|Any CPU
		{4050396F-FCF9-493C-8B55-79CFCBD08914}.Ad-Hoc|iPhoneSimulator.Build.0 = Release|Any CPU
		{4050396F-FCF9-493C-8B55-79CFCBD08914}.Ad-Hoc|iPhoneSimulator.Deploy.0 = Release|Any CPU
		{4050396F-FCF9-493C-8B55-79CFCBD08914}.Ad-Hoc|x86.ActiveCfg = Release|x86
		{4050396F-FCF9-493C-8B55-79CFCBD08914}.Ad-Hoc|x86.Build.0 = Release|x86
		{4050396F-FCF9-493C-8B55-79CFCBD08914}.Ad-Hoc|x86.Deploy.0 = Release|x86
		{4050396F-FCF9-493C-8B55-79CFCBD08914}.AppStore|Any CPU.ActiveCfg = Release|Any CPU
		{4050396F-FCF9-493C-8B55-79CFCBD08914}.AppStore|Any CPU.Build.0 = Release|Any CPU
		{4050396F-FCF9-493C-8B55-79CFCBD08914}.AppStore|Any CPU.Deploy.0 = Release|Any CPU
		{4050396F-FCF9-493C-8B55-79CFCBD08914}.AppStore|ARM.ActiveCfg = Release|ARM
		{4050396F-FCF9-493C-8B55-79CFCBD08914}.AppStore|ARM.Build.0 = Release|ARM
		{4050396F-FCF9-493C-8B55-79CFCBD08914}.AppStore|ARM.Deploy.0 = Release|ARM
		{4050396F-FCF9-493C-8B55-79CFCBD08914}.AppStore|iPhone.ActiveCfg = Release|Any CPU
		{4050396F-FCF9-493C-8B55-79CFCBD08914}.AppStore|iPhone.Build.0 = Release|Any CPU
		{4050396F-FCF9-493C-8B55-79CFCBD08914}.AppStore|iPhone.Deploy.0 = Release|Any CPU
		{4050396F-FCF9-493C-8B55-79CFCBD08914}.AppStore|iPhoneSimulator.ActiveCfg = Release|Any CPU
		{4050396F-FCF9-493C-8B55-79CFCBD08914}.AppStore|iPhoneSimulator.Build.0 = Release|Any CPU
		{4050396F-FCF9-493C-8B55-79CFCBD08914}.AppStore|iPhoneSimulator.Deploy.0 = Release|Any CPU
		{4050396F-FCF9-493C-8B55-79CFCBD08914}.AppStore|x86.ActiveCfg = Release|x86
		{4050396F-FCF9-493C-8B55-79CFCBD08914}.AppStore|x86.Build.0 = Release|x86
		{4050396F-FCF9-493C-8B55-79CFCBD08914}.AppStore|x86.Deploy.0 = Release|x86
		{4050396F-FCF9-493C-8B55-79CFCBD08914}.Debug|Any CPU.ActiveCfg = Debug|Any CPU
		{4050396F-FCF9-493C-8B55-79CFCBD08914}.Debug|Any CPU.Build.0 = Debug|Any CPU
		{4050396F-FCF9-493C-8B55-79CFCBD08914}.Debug|Any CPU.Deploy.0 = Debug|Any CPU
		{4050396F-FCF9-493C-8B55-79CFCBD08914}.Debug|ARM.ActiveCfg = Debug|ARM
		{4050396F-FCF9-493C-8B55-79CFCBD08914}.Debug|ARM.Build.0 = Debug|ARM
		{4050396F-FCF9-493C-8B55-79CFCBD08914}.Debug|ARM.Deploy.0 = Debug|ARM
		{4050396F-FCF9-493C-8B55-79CFCBD08914}.Debug|iPhone.ActiveCfg = Debug|Any CPU
		{4050396F-FCF9-493C-8B55-79CFCBD08914}.Debug|iPhone.Build.0 = Debug|Any CPU
		{4050396F-FCF9-493C-8B55-79CFCBD08914}.Debug|iPhone.Deploy.0 = Debug|Any CPU
		{4050396F-FCF9-493C-8B55-79CFCBD08914}.Debug|iPhoneSimulator.ActiveCfg = Debug|Any CPU
		{4050396F-FCF9-493C-8B55-79CFCBD08914}.Debug|iPhoneSimulator.Build.0 = Debug|Any CPU
		{4050396F-FCF9-493C-8B55-79CFCBD08914}.Debug|iPhoneSimulator.Deploy.0 = Debug|Any CPU
		{4050396F-FCF9-493C-8B55-79CFCBD08914}.Debug|x86.ActiveCfg = Debug|x86
		{4050396F-FCF9-493C-8B55-79CFCBD08914}.Debug|x86.Build.0 = Debug|x86
		{4050396F-FCF9-493C-8B55-79CFCBD08914}.Debug|x86.Deploy.0 = Debug|x86
		{4050396F-FCF9-493C-8B55-79CFCBD08914}.Release|Any CPU.ActiveCfg = Release|Any CPU
		{4050396F-FCF9-493C-8B55-79CFCBD08914}.Release|Any CPU.Build.0 = Release|Any CPU
		{4050396F-FCF9-493C-8B55-79CFCBD08914}.Release|Any CPU.Deploy.0 = Release|Any CPU
		{4050396F-FCF9-493C-8B55-79CFCBD08914}.Release|ARM.ActiveCfg = Release|ARM
		{4050396F-FCF9-493C-8B55-79CFCBD08914}.Release|ARM.Build.0 = Release|ARM
		{4050396F-FCF9-493C-8B55-79CFCBD08914}.Release|ARM.Deploy.0 = Release|ARM
		{4050396F-FCF9-493C-8B55-79CFCBD08914}.Release|iPhone.ActiveCfg = Release|Any CPU
		{4050396F-FCF9-493C-8B55-79CFCBD08914}.Release|iPhone.Build.0 = Release|Any CPU
		{4050396F-FCF9-493C-8B55-79CFCBD08914}.Release|iPhone.Deploy.0 = Release|Any CPU
		{4050396F-FCF9-493C-8B55-79CFCBD08914}.Release|iPhoneSimulator.ActiveCfg = Release|Any CPU
		{4050396F-FCF9-493C-8B55-79CFCBD08914}.Release|iPhoneSimulator.Build.0 = Release|Any CPU
		{4050396F-FCF9-493C-8B55-79CFCBD08914}.Release|iPhoneSimulator.Deploy.0 = Release|Any CPU
		{4050396F-FCF9-493C-8B55-79CFCBD08914}.Release|x86.ActiveCfg = Release|x86
		{4050396F-FCF9-493C-8B55-79CFCBD08914}.Release|x86.Build.0 = Release|x86
		{4050396F-FCF9-493C-8B55-79CFCBD08914}.Release|x86.Deploy.0 = Release|x86
		{9F70EEE4-C003-42AC-984F-194C083151E0}.Ad-Hoc|Any CPU.ActiveCfg = Release|Any CPU
		{9F70EEE4-C003-42AC-984F-194C083151E0}.Ad-Hoc|Any CPU.Build.0 = Release|Any CPU
		{9F70EEE4-C003-42AC-984F-194C083151E0}.Ad-Hoc|ARM.ActiveCfg = Release|Any CPU
		{9F70EEE4-C003-42AC-984F-194C083151E0}.Ad-Hoc|ARM.Build.0 = Release|Any CPU
		{9F70EEE4-C003-42AC-984F-194C083151E0}.Ad-Hoc|iPhone.ActiveCfg = Release|Any CPU
		{9F70EEE4-C003-42AC-984F-194C083151E0}.Ad-Hoc|iPhone.Build.0 = Release|Any CPU
		{9F70EEE4-C003-42AC-984F-194C083151E0}.Ad-Hoc|iPhoneSimulator.ActiveCfg = Release|Any CPU
		{9F70EEE4-C003-42AC-984F-194C083151E0}.Ad-Hoc|iPhoneSimulator.Build.0 = Release|Any CPU
		{9F70EEE4-C003-42AC-984F-194C083151E0}.Ad-Hoc|x86.ActiveCfg = Release|Any CPU
		{9F70EEE4-C003-42AC-984F-194C083151E0}.Ad-Hoc|x86.Build.0 = Release|Any CPU
		{9F70EEE4-C003-42AC-984F-194C083151E0}.AppStore|Any CPU.ActiveCfg = Release|Any CPU
		{9F70EEE4-C003-42AC-984F-194C083151E0}.AppStore|Any CPU.Build.0 = Release|Any CPU
		{9F70EEE4-C003-42AC-984F-194C083151E0}.AppStore|ARM.ActiveCfg = Release|Any CPU
		{9F70EEE4-C003-42AC-984F-194C083151E0}.AppStore|ARM.Build.0 = Release|Any CPU
		{9F70EEE4-C003-42AC-984F-194C083151E0}.AppStore|iPhone.ActiveCfg = Release|Any CPU
		{9F70EEE4-C003-42AC-984F-194C083151E0}.AppStore|iPhone.Build.0 = Release|Any CPU
		{9F70EEE4-C003-42AC-984F-194C083151E0}.AppStore|iPhoneSimulator.ActiveCfg = Release|Any CPU
		{9F70EEE4-C003-42AC-984F-194C083151E0}.AppStore|iPhoneSimulator.Build.0 = Release|Any CPU
		{9F70EEE4-C003-42AC-984F-194C083151E0}.AppStore|x86.ActiveCfg = Release|Any CPU
		{9F70EEE4-C003-42AC-984F-194C083151E0}.AppStore|x86.Build.0 = Release|Any CPU
		{9F70EEE4-C003-42AC-984F-194C083151E0}.Debug|Any CPU.ActiveCfg = Debug|Any CPU
		{9F70EEE4-C003-42AC-984F-194C083151E0}.Debug|Any CPU.Build.0 = Debug|Any CPU
		{9F70EEE4-C003-42AC-984F-194C083151E0}.Debug|ARM.ActiveCfg = Debug|Any CPU
		{9F70EEE4-C003-42AC-984F-194C083151E0}.Debug|ARM.Build.0 = Debug|Any CPU
		{9F70EEE4-C003-42AC-984F-194C083151E0}.Debug|iPhone.ActiveCfg = Debug|Any CPU
		{9F70EEE4-C003-42AC-984F-194C083151E0}.Debug|iPhone.Build.0 = Debug|Any CPU
		{9F70EEE4-C003-42AC-984F-194C083151E0}.Debug|iPhoneSimulator.ActiveCfg = Debug|Any CPU
		{9F70EEE4-C003-42AC-984F-194C083151E0}.Debug|iPhoneSimulator.Build.0 = Debug|Any CPU
		{9F70EEE4-C003-42AC-984F-194C083151E0}.Debug|x86.ActiveCfg = Debug|Any CPU
		{9F70EEE4-C003-42AC-984F-194C083151E0}.Debug|x86.Build.0 = Debug|Any CPU
		{9F70EEE4-C003-42AC-984F-194C083151E0}.Release|Any CPU.ActiveCfg = Release|Any CPU
		{9F70EEE4-C003-42AC-984F-194C083151E0}.Release|Any CPU.Build.0 = Release|Any CPU
		{9F70EEE4-C003-42AC-984F-194C083151E0}.Release|ARM.ActiveCfg = Release|Any CPU
		{9F70EEE4-C003-42AC-984F-194C083151E0}.Release|ARM.Build.0 = Release|Any CPU
		{9F70EEE4-C003-42AC-984F-194C083151E0}.Release|iPhone.ActiveCfg = Release|Any CPU
		{9F70EEE4-C003-42AC-984F-194C083151E0}.Release|iPhone.Build.0 = Release|Any CPU
		{9F70EEE4-C003-42AC-984F-194C083151E0}.Release|iPhoneSimulator.ActiveCfg = Release|Any CPU
		{9F70EEE4-C003-42AC-984F-194C083151E0}.Release|iPhoneSimulator.Build.0 = Release|Any CPU
		{9F70EEE4-C003-42AC-984F-194C083151E0}.Release|x86.ActiveCfg = Release|Any CPU
		{9F70EEE4-C003-42AC-984F-194C083151E0}.Release|x86.Build.0 = Release|Any CPU
	EndGlobalSection
	GlobalSection(SolutionProperties) = preSolution
		HideSolutionNode = FALSE
	EndGlobalSection
EndGlobal
